
Microsoft Visual Studio Solution File, Format Version 12.00
# Visual Studio Version 17
VisualStudioVersion = 17.6.33815.320
MinimumVisualStudioVersion = 10.0.40219.1
Project("{FAE04EC0-301F-11D3-BF4B-00C04F79EFBC}") = "RabbitMq.Manager", "RabbitMq.Manager\RabbitMq.Manager.csproj", "{52E83C9C-9CAA-43D8-897F-BF9C31C7368B}"
EndProject
Project("{FAE04EC0-301F-11D3-BF4B-00C04F79EFBC}") = "Demo", "Demo\Demo.csproj", "{D4B763CA-2E2B-41C9-955F-77BC739727EE}"
EndProject
Global
	GlobalSection(SolutionConfigurationPlatforms) = preSolution
		Debug|Any CPU = Debug|Any CPU
		Release|Any CPU = Release|Any CPU
	EndGlobalSection
	GlobalSection(ProjectConfigurationPlatforms) = postSolution
		{52E83C9C-9CAA-43D8-897F-BF9C31C7368B}.Debug|Any CPU.ActiveCfg = Debug|Any CPU
		{52E83C9C-9CAA-43D8-897F-BF9C31C7368B}.Debug|Any CPU.Build.0 = Debug|Any CPU
		{52E83C9C-9CAA-43D8-897F-BF9C31C7368B}.Release|Any CPU.ActiveCfg = Release|Any CPU
		{52E83C9C-9CAA-43D8-897F-BF9C31C7368B}.Release|Any CPU.Build.0 = Release|Any CPU
		{D4B763CA-2E2B-41C9-955F-77BC739727EE}.Debug|Any CPU.ActiveCfg = Debug|Any CPU
		{D4B763CA-2E2B-41C9-955F-77BC739727EE}.Debug|Any CPU.Build.0 = Debug|Any CPU
		{D4B763CA-2E2B-41C9-955F-77BC739727EE}.Release|Any CPU.ActiveCfg = Release|Any CPU
		{D4B763CA-2E2B-41C9-955F-77BC739727EE}.Release|Any CPU.Build.0 = Release|Any CPU
	EndGlobalSection
	GlobalSection(SolutionProperties) = preSolution
		HideSolutionNode = FALSE
	EndGlobalSection
	GlobalSection(ExtensibilityGlobals) = postSolution
		SolutionGuid = {C7543BAC-C1F7-43CC-9E35-2745387D8557}
	EndGlobalSection
EndGlobal
